
Microsoft Visual Studio Solution File, Format Version 12.00
# Visual Studio Version 17
VisualStudioVersion = 17.0.31903.59
MinimumVisualStudioVersion = 10.0.40219.1
Project("{2150E333-8FDC-42A3-9474-1A3956D46DE8}") = "Solution Items", "Solution Items", "{FF2F31E0-412F-45F6-9D34-FC169329DFA7}"
	ProjectSection(SolutionItems) = preProject
		.editorconfig = .editorconfig
		.gitignore = .gitignore
		.globalconfig = .globalconfig
		Directory.Build.props = Directory.Build.props
		Directory.Packages.props = Directory.Packages.props
		global.json = global.json
	EndProjectSection
EndProject
Project("{2150E333-8FDC-42A3-9474-1A3956D46DE8}") = "src", "src", "{827E0CD3-B72D-47B6-A68D-7590B98EB39B}"
EndProject
Project("{FAE04EC0-301F-11D3-BF4B-00C04F79EFBC}") = "Ratiocinia.Abstractions", "src\Ratiocinia.Abstractions\Ratiocinia.Abstractions.csproj", "{3EC2E7E4-FF0D-46CA-A624-7EB669871E32}"
EndProject
Project("{FAE04EC0-301F-11D3-BF4B-00C04F79EFBC}") = "Ratiocinia.Algorithms.Generic", "src\Ratiocinia.Algorithms.Generic\Ratiocinia.Algorithms.Generic.csproj", "{6915BBD0-7F4C-4711-B2E2-15D98B4E054A}"
EndProject
Project("{FAE04EC0-301F-11D3-BF4B-00C04F79EFBC}") = "Ratiocinia.Models", "src\Ratiocinia.Models\Ratiocinia.Models.csproj", "{2AF6E1F6-B15F-4588-B129-B29C32458E97}"
EndProject
Project("{FAE04EC0-301F-11D3-BF4B-00C04F79EFBC}") = "Ratiocinia.Algorithms.Specialized", "src\Ratiocinia.Algorithms.Specialized\Ratiocinia.Algorithms.Specialized.csproj", "{6B423C8F-7A47-4264-BA5A-F47D50DB5576}"
EndProject
Project("{2150E333-8FDC-42A3-9474-1A3956D46DE8}") = "tests", "tests", "{0AB3BF05-4346-4AA6-1389-037BE0695223}"
EndProject
Project("{FAE04EC0-301F-11D3-BF4B-00C04F79EFBC}") = "Tests.Models", "tests\Tests.Models\Tests.Models.csproj", "{B1241728-8E54-4D9E-A235-07B5190FF96F}"
EndProject
Project("{FAE04EC0-301F-11D3-BF4B-00C04F79EFBC}") = "Tests.Algorithms", "tests\Tests.Algorithms\Tests.Algorithms.csproj", "{FA8C9E17-A7EF-4160-9DE0-C914CB257C01}"
EndProject
Project("{2150E333-8FDC-42A3-9474-1A3956D46DE8}") = "benchmarks", "benchmarks", "{66320409-64EC-F7C5-3DEF-65E7510DAAD1}"
EndProject
Project("{FAE04EC0-301F-11D3-BF4B-00C04F79EFBC}") = "Benchmarks.Algorithms", "benchmarks\Benchmarks.Algorithms\Benchmarks.Algorithms.csproj", "{31D6DCC8-76B4-4D67-9C4B-84775947D254}"
EndProject
Project("{FAE04EC0-301F-11D3-BF4B-00C04F79EFBC}") = "Ratiocinia.Rational", "src\Ratiocinia.Rational\Ratiocinia.Rational.csproj", "{BC74CCB0-DE5F-49CA-9378-75F807BE4C5E}"
EndProject
Project("{FAE04EC0-301F-11D3-BF4B-00C04F79EFBC}") = "Ratiocinia.BigIntegerRational", "src\Ratiocinia.BigIntegerRational\Ratiocinia.BigIntegerRational.csproj", "{A0EC2367-FF59-45E0-B40A-FBA9EB81F65C}"
EndProject
Project("{FAE04EC0-301F-11D3-BF4B-00C04F79EFBC}") = "Tests.Rational", "tests\Tests.Rational\Tests.Rational.csproj", "{CE35E9C8-6E77-4975-9550-E78D83FB12EC}"
EndProject
Global
	GlobalSection(SolutionConfigurationPlatforms) = preSolution
		Debug|Any CPU = Debug|Any CPU
		Debug|x64 = Debug|x64
		Debug|x86 = Debug|x86
		Release|Any CPU = Release|Any CPU
		Release|x64 = Release|x64
		Release|x86 = Release|x86
	EndGlobalSection
	GlobalSection(ProjectConfigurationPlatforms) = postSolution
		{3EC2E7E4-FF0D-46CA-A624-7EB669871E32}.Debug|Any CPU.ActiveCfg = Debug|Any CPU
		{3EC2E7E4-FF0D-46CA-A624-7EB669871E32}.Debug|Any CPU.Build.0 = Debug|Any CPU
		{3EC2E7E4-FF0D-46CA-A624-7EB669871E32}.Debug|x64.ActiveCfg = Debug|Any CPU
		{3EC2E7E4-FF0D-46CA-A624-7EB669871E32}.Debug|x64.Build.0 = Debug|Any CPU
		{3EC2E7E4-FF0D-46CA-A624-7EB669871E32}.Debug|x86.ActiveCfg = Debug|Any CPU
		{3EC2E7E4-FF0D-46CA-A624-7EB669871E32}.Debug|x86.Build.0 = Debug|Any CPU
		{3EC2E7E4-FF0D-46CA-A624-7EB669871E32}.Release|Any CPU.ActiveCfg = Release|Any CPU
		{3EC2E7E4-FF0D-46CA-A624-7EB669871E32}.Release|Any CPU.Build.0 = Release|Any CPU
		{3EC2E7E4-FF0D-46CA-A624-7EB669871E32}.Release|x64.ActiveCfg = Release|Any CPU
		{3EC2E7E4-FF0D-46CA-A624-7EB669871E32}.Release|x64.Build.0 = Release|Any CPU
		{3EC2E7E4-FF0D-46CA-A624-7EB669871E32}.Release|x86.ActiveCfg = Release|Any CPU
		{3EC2E7E4-FF0D-46CA-A624-7EB669871E32}.Release|x86.Build.0 = Release|Any CPU
		{6915BBD0-7F4C-4711-B2E2-15D98B4E054A}.Debug|Any CPU.ActiveCfg = Debug|Any CPU
		{6915BBD0-7F4C-4711-B2E2-15D98B4E054A}.Debug|Any CPU.Build.0 = Debug|Any CPU
		{6915BBD0-7F4C-4711-B2E2-15D98B4E054A}.Debug|x64.ActiveCfg = Debug|Any CPU
		{6915BBD0-7F4C-4711-B2E2-15D98B4E054A}.Debug|x64.Build.0 = Debug|Any CPU
		{6915BBD0-7F4C-4711-B2E2-15D98B4E054A}.Debug|x86.ActiveCfg = Debug|Any CPU
		{6915BBD0-7F4C-4711-B2E2-15D98B4E054A}.Debug|x86.Build.0 = Debug|Any CPU
		{6915BBD0-7F4C-4711-B2E2-15D98B4E054A}.Release|Any CPU.ActiveCfg = Release|Any CPU
		{6915BBD0-7F4C-4711-B2E2-15D98B4E054A}.Release|Any CPU.Build.0 = Release|Any CPU
		{6915BBD0-7F4C-4711-B2E2-15D98B4E054A}.Release|x64.ActiveCfg = Release|Any CPU
		{6915BBD0-7F4C-4711-B2E2-15D98B4E054A}.Release|x64.Build.0 = Release|Any CPU
		{6915BBD0-7F4C-4711-B2E2-15D98B4E054A}.Release|x86.ActiveCfg = Release|Any CPU
		{6915BBD0-7F4C-4711-B2E2-15D98B4E054A}.Release|x86.Build.0 = Release|Any CPU
		{2AF6E1F6-B15F-4588-B129-B29C32458E97}.Debug|Any CPU.ActiveCfg = Debug|Any CPU
		{2AF6E1F6-B15F-4588-B129-B29C32458E97}.Debug|Any CPU.Build.0 = Debug|Any CPU
		{2AF6E1F6-B15F-4588-B129-B29C32458E97}.Debug|x64.ActiveCfg = Debug|Any CPU
		{2AF6E1F6-B15F-4588-B129-B29C32458E97}.Debug|x64.Build.0 = Debug|Any CPU
		{2AF6E1F6-B15F-4588-B129-B29C32458E97}.Debug|x86.ActiveCfg = Debug|Any CPU
		{2AF6E1F6-B15F-4588-B129-B29C32458E97}.Debug|x86.Build.0 = Debug|Any CPU
		{2AF6E1F6-B15F-4588-B129-B29C32458E97}.Release|Any CPU.ActiveCfg = Release|Any CPU
		{2AF6E1F6-B15F-4588-B129-B29C32458E97}.Release|Any CPU.Build.0 = Release|Any CPU
		{2AF6E1F6-B15F-4588-B129-B29C32458E97}.Release|x64.ActiveCfg = Release|Any CPU
		{2AF6E1F6-B15F-4588-B129-B29C32458E97}.Release|x64.Build.0 = Release|Any CPU
		{2AF6E1F6-B15F-4588-B129-B29C32458E97}.Release|x86.ActiveCfg = Release|Any CPU
		{2AF6E1F6-B15F-4588-B129-B29C32458E97}.Release|x86.Build.0 = Release|Any CPU
		{6B423C8F-7A47-4264-BA5A-F47D50DB5576}.Debug|Any CPU.ActiveCfg = Debug|Any CPU
		{6B423C8F-7A47-4264-BA5A-F47D50DB5576}.Debug|Any CPU.Build.0 = Debug|Any CPU
		{6B423C8F-7A47-4264-BA5A-F47D50DB5576}.Debug|x64.ActiveCfg = Debug|Any CPU
		{6B423C8F-7A47-4264-BA5A-F47D50DB5576}.Debug|x64.Build.0 = Debug|Any CPU
		{6B423C8F-7A47-4264-BA5A-F47D50DB5576}.Debug|x86.ActiveCfg = Debug|Any CPU
		{6B423C8F-7A47-4264-BA5A-F47D50DB5576}.Debug|x86.Build.0 = Debug|Any CPU
		{6B423C8F-7A47-4264-BA5A-F47D50DB5576}.Release|Any CPU.ActiveCfg = Release|Any CPU
		{6B423C8F-7A47-4264-BA5A-F47D50DB5576}.Release|Any CPU.Build.0 = Release|Any CPU
		{6B423C8F-7A47-4264-BA5A-F47D50DB5576}.Release|x64.ActiveCfg = Release|Any CPU
		{6B423C8F-7A47-4264-BA5A-F47D50DB5576}.Release|x64.Build.0 = Release|Any CPU
		{6B423C8F-7A47-4264-BA5A-F47D50DB5576}.Release|x86.ActiveCfg = Release|Any CPU
		{6B423C8F-7A47-4264-BA5A-F47D50DB5576}.Release|x86.Build.0 = Release|Any CPU
		{B1241728-8E54-4D9E-A235-07B5190FF96F}.Debug|Any CPU.ActiveCfg = Debug|Any CPU
		{B1241728-8E54-4D9E-A235-07B5190FF96F}.Debug|Any CPU.Build.0 = Debug|Any CPU
		{B1241728-8E54-4D9E-A235-07B5190FF96F}.Debug|x64.ActiveCfg = Debug|Any CPU
		{B1241728-8E54-4D9E-A235-07B5190FF96F}.Debug|x64.Build.0 = Debug|Any CPU
		{B1241728-8E54-4D9E-A235-07B5190FF96F}.Debug|x86.ActiveCfg = Debug|Any CPU
		{B1241728-8E54-4D9E-A235-07B5190FF96F}.Debug|x86.Build.0 = Debug|Any CPU
		{B1241728-8E54-4D9E-A235-07B5190FF96F}.Release|Any CPU.ActiveCfg = Release|Any CPU
		{B1241728-8E54-4D9E-A235-07B5190FF96F}.Release|Any CPU.Build.0 = Release|Any CPU
		{B1241728-8E54-4D9E-A235-07B5190FF96F}.Release|x64.ActiveCfg = Release|Any CPU
		{B1241728-8E54-4D9E-A235-07B5190FF96F}.Release|x64.Build.0 = Release|Any CPU
		{B1241728-8E54-4D9E-A235-07B5190FF96F}.Release|x86.ActiveCfg = Release|Any CPU
		{B1241728-8E54-4D9E-A235-07B5190FF96F}.Release|x86.Build.0 = Release|Any CPU
		{FA8C9E17-A7EF-4160-9DE0-C914CB257C01}.Debug|Any CPU.ActiveCfg = Debug|Any CPU
		{FA8C9E17-A7EF-4160-9DE0-C914CB257C01}.Debug|Any CPU.Build.0 = Debug|Any CPU
		{FA8C9E17-A7EF-4160-9DE0-C914CB257C01}.Debug|x64.ActiveCfg = Debug|Any CPU
		{FA8C9E17-A7EF-4160-9DE0-C914CB257C01}.Debug|x64.Build.0 = Debug|Any CPU
		{FA8C9E17-A7EF-4160-9DE0-C914CB257C01}.Debug|x86.ActiveCfg = Debug|Any CPU
		{FA8C9E17-A7EF-4160-9DE0-C914CB257C01}.Debug|x86.Build.0 = Debug|Any CPU
		{FA8C9E17-A7EF-4160-9DE0-C914CB257C01}.Release|Any CPU.ActiveCfg = Release|Any CPU
		{FA8C9E17-A7EF-4160-9DE0-C914CB257C01}.Release|Any CPU.Build.0 = Release|Any CPU
		{FA8C9E17-A7EF-4160-9DE0-C914CB257C01}.Release|x64.ActiveCfg = Release|Any CPU
		{FA8C9E17-A7EF-4160-9DE0-C914CB257C01}.Release|x64.Build.0 = Release|Any CPU
		{FA8C9E17-A7EF-4160-9DE0-C914CB257C01}.Release|x86.ActiveCfg = Release|Any CPU
		{FA8C9E17-A7EF-4160-9DE0-C914CB257C01}.Release|x86.Build.0 = Release|Any CPU
		{31D6DCC8-76B4-4D67-9C4B-84775947D254}.Debug|Any CPU.ActiveCfg = Debug|Any CPU
		{31D6DCC8-76B4-4D67-9C4B-84775947D254}.Debug|Any CPU.Build.0 = Debug|Any CPU
		{31D6DCC8-76B4-4D67-9C4B-84775947D254}.Debug|x64.ActiveCfg = Debug|Any CPU
		{31D6DCC8-76B4-4D67-9C4B-84775947D254}.Debug|x64.Build.0 = Debug|Any CPU
		{31D6DCC8-76B4-4D67-9C4B-84775947D254}.Debug|x86.ActiveCfg = Debug|Any CPU
		{31D6DCC8-76B4-4D67-9C4B-84775947D254}.Debug|x86.Build.0 = Debug|Any CPU
		{31D6DCC8-76B4-4D67-9C4B-84775947D254}.Release|Any CPU.ActiveCfg = Release|Any CPU
		{31D6DCC8-76B4-4D67-9C4B-84775947D254}.Release|Any CPU.Build.0 = Release|Any CPU
		{31D6DCC8-76B4-4D67-9C4B-84775947D254}.Release|x64.ActiveCfg = Release|Any CPU
		{31D6DCC8-76B4-4D67-9C4B-84775947D254}.Release|x64.Build.0 = Release|Any CPU
		{31D6DCC8-76B4-4D67-9C4B-84775947D254}.Release|x86.ActiveCfg = Release|Any CPU
		{31D6DCC8-76B4-4D67-9C4B-84775947D254}.Release|x86.Build.0 = Release|Any CPU
		{BC74CCB0-DE5F-49CA-9378-75F807BE4C5E}.Debug|Any CPU.ActiveCfg = Debug|Any CPU
		{BC74CCB0-DE5F-49CA-9378-75F807BE4C5E}.Debug|Any CPU.Build.0 = Debug|Any CPU
		{BC74CCB0-DE5F-49CA-9378-75F807BE4C5E}.Debug|x64.ActiveCfg = Debug|Any CPU
		{BC74CCB0-DE5F-49CA-9378-75F807BE4C5E}.Debug|x64.Build.0 = Debug|Any CPU
		{BC74CCB0-DE5F-49CA-9378-75F807BE4C5E}.Debug|x86.ActiveCfg = Debug|Any CPU
		{BC74CCB0-DE5F-49CA-9378-75F807BE4C5E}.Debug|x86.Build.0 = Debug|Any CPU
		{BC74CCB0-DE5F-49CA-9378-75F807BE4C5E}.Release|Any CPU.ActiveCfg = Release|Any CPU
		{BC74CCB0-DE5F-49CA-9378-75F807BE4C5E}.Release|Any CPU.Build.0 = Release|Any CPU
		{BC74CCB0-DE5F-49CA-9378-75F807BE4C5E}.Release|x64.ActiveCfg = Release|Any CPU
		{BC74CCB0-DE5F-49CA-9378-75F807BE4C5E}.Release|x64.Build.0 = Release|Any CPU
		{BC74CCB0-DE5F-49CA-9378-75F807BE4C5E}.Release|x86.ActiveCfg = Release|Any CPU
		{BC74CCB0-DE5F-49CA-9378-75F807BE4C5E}.Release|x86.Build.0 = Release|Any CPU
		{A0EC2367-FF59-45E0-B40A-FBA9EB81F65C}.Debug|Any CPU.ActiveCfg = Debug|Any CPU
		{A0EC2367-FF59-45E0-B40A-FBA9EB81F65C}.Debug|Any CPU.Build.0 = Debug|Any CPU
		{A0EC2367-FF59-45E0-B40A-FBA9EB81F65C}.Debug|x64.ActiveCfg = Debug|Any CPU
		{A0EC2367-FF59-45E0-B40A-FBA9EB81F65C}.Debug|x64.Build.0 = Debug|Any CPU
		{A0EC2367-FF59-45E0-B40A-FBA9EB81F65C}.Debug|x86.ActiveCfg = Debug|Any CPU
		{A0EC2367-FF59-45E0-B40A-FBA9EB81F65C}.Debug|x86.Build.0 = Debug|Any CPU
		{A0EC2367-FF59-45E0-B40A-FBA9EB81F65C}.Release|Any CPU.ActiveCfg = Release|Any CPU
		{A0EC2367-FF59-45E0-B40A-FBA9EB81F65C}.Release|Any CPU.Build.0 = Release|Any CPU
		{A0EC2367-FF59-45E0-B40A-FBA9EB81F65C}.Release|x64.ActiveCfg = Release|Any CPU
		{A0EC2367-FF59-45E0-B40A-FBA9EB81F65C}.Release|x64.Build.0 = Release|Any CPU
		{A0EC2367-FF59-45E0-B40A-FBA9EB81F65C}.Release|x86.ActiveCfg = Release|Any CPU
		{A0EC2367-FF59-45E0-B40A-FBA9EB81F65C}.Release|x86.Build.0 = Release|Any CPU
		{CE35E9C8-6E77-4975-9550-E78D83FB12EC}.Debug|Any CPU.ActiveCfg = Debug|Any CPU
		{CE35E9C8-6E77-4975-9550-E78D83FB12EC}.Debug|Any CPU.Build.0 = Debug|Any CPU
		{CE35E9C8-6E77-4975-9550-E78D83FB12EC}.Debug|x64.ActiveCfg = Debug|Any CPU
		{CE35E9C8-6E77-4975-9550-E78D83FB12EC}.Debug|x64.Build.0 = Debug|Any CPU
		{CE35E9C8-6E77-4975-9550-E78D83FB12EC}.Debug|x86.ActiveCfg = Debug|Any CPU
		{CE35E9C8-6E77-4975-9550-E78D83FB12EC}.Debug|x86.Build.0 = Debug|Any CPU
		{CE35E9C8-6E77-4975-9550-E78D83FB12EC}.Release|Any CPU.ActiveCfg = Release|Any CPU
		{CE35E9C8-6E77-4975-9550-E78D83FB12EC}.Release|Any CPU.Build.0 = Release|Any CPU
		{CE35E9C8-6E77-4975-9550-E78D83FB12EC}.Release|x64.ActiveCfg = Release|Any CPU
		{CE35E9C8-6E77-4975-9550-E78D83FB12EC}.Release|x64.Build.0 = Release|Any CPU
		{CE35E9C8-6E77-4975-9550-E78D83FB12EC}.Release|x86.ActiveCfg = Release|Any CPU
		{CE35E9C8-6E77-4975-9550-E78D83FB12EC}.Release|x86.Build.0 = Release|Any CPU
	EndGlobalSection
	GlobalSection(SolutionProperties) = preSolution
		HideSolutionNode = FALSE
	EndGlobalSection
	GlobalSection(NestedProjects) = preSolution
		{3EC2E7E4-FF0D-46CA-A624-7EB669871E32} = {827E0CD3-B72D-47B6-A68D-7590B98EB39B}
		{6915BBD0-7F4C-4711-B2E2-15D98B4E054A} = {827E0CD3-B72D-47B6-A68D-7590B98EB39B}
		{2AF6E1F6-B15F-4588-B129-B29C32458E97} = {827E0CD3-B72D-47B6-A68D-7590B98EB39B}
		{6B423C8F-7A47-4264-BA5A-F47D50DB5576} = {827E0CD3-B72D-47B6-A68D-7590B98EB39B}
		{B1241728-8E54-4D9E-A235-07B5190FF96F} = {0AB3BF05-4346-4AA6-1389-037BE0695223}
		{FA8C9E17-A7EF-4160-9DE0-C914CB257C01} = {0AB3BF05-4346-4AA6-1389-037BE0695223}
		{31D6DCC8-76B4-4D67-9C4B-84775947D254} = {66320409-64EC-F7C5-3DEF-65E7510DAAD1}
		{BC74CCB0-DE5F-49CA-9378-75F807BE4C5E} = {827E0CD3-B72D-47B6-A68D-7590B98EB39B}
		{A0EC2367-FF59-45E0-B40A-FBA9EB81F65C} = {827E0CD3-B72D-47B6-A68D-7590B98EB39B}
		{CE35E9C8-6E77-4975-9550-E78D83FB12EC} = {0AB3BF05-4346-4AA6-1389-037BE0695223}
	EndGlobalSection
EndGlobal
